// !$*UTF8*$!
{
	archiveVersion = 1;
	classes = {
	};
	objectVersion = 50;
	objects = {

/* Begin PBXBuildFile section */
		A5373F5723D5FFD900BB4154 /* FriendTableViewCell.swift in Sources */ = {isa = PBXBuildFile; fileRef = A5373F5623D5FFD900BB4154 /* FriendTableViewCell.swift */; };
		A5373F5923D6026100BB4154 /* FriendCollectionViewCell.swift in Sources */ = {isa = PBXBuildFile; fileRef = A5373F5823D6026100BB4154 /* FriendCollectionViewCell.swift */; };
		A5952C3623CAF04A003221C4 /* AppDelegate.swift in Sources */ = {isa = PBXBuildFile; fileRef = A5952C3523CAF04A003221C4 /* AppDelegate.swift */; };
		A5952C3823CAF04A003221C4 /* SceneDelegate.swift in Sources */ = {isa = PBXBuildFile; fileRef = A5952C3723CAF04A003221C4 /* SceneDelegate.swift */; };
		A5952C3D23CAF04A003221C4 /* Main.storyboard in Resources */ = {isa = PBXBuildFile; fileRef = A5952C3B23CAF04A003221C4 /* Main.storyboard */; };
		A5952C3F23CAF04E003221C4 /* Assets.xcassets in Resources */ = {isa = PBXBuildFile; fileRef = A5952C3E23CAF04E003221C4 /* Assets.xcassets */; };
		A5952C4223CAF04E003221C4 /* LaunchScreen.storyboard in Resources */ = {isa = PBXBuildFile; fileRef = A5952C4023CAF04E003221C4 /* LaunchScreen.storyboard */; };
		A5952C4A23CAF4D9003221C4 /* LoginFormController.swift in Sources */ = {isa = PBXBuildFile; fileRef = A5952C4923CAF4D9003221C4 /* LoginFormController.swift */; };
		A596595623D624E800715FD9 /* AllGroupsTableViewController.swift in Sources */ = {isa = PBXBuildFile; fileRef = A596595523D624E800715FD9 /* AllGroupsTableViewController.swift */; };
		A5EDD00623D6059700787BC0 /* GroupTableViewCell.swift in Sources */ = {isa = PBXBuildFile; fileRef = A5EDD00523D6059700787BC0 /* GroupTableViewCell.swift */; };
		A5EDD00923D607A700787BC0 /* User.swift in Sources */ = {isa = PBXBuildFile; fileRef = A5EDD00823D607A700787BC0 /* User.swift */; };
		A5EDD00B23D60DE600787BC0 /* Group.swift in Sources */ = {isa = PBXBuildFile; fileRef = A5EDD00A23D60DE600787BC0 /* Group.swift */; };
		A5EDD00D23D60ED400787BC0 /* VkDataBase.swift in Sources */ = {isa = PBXBuildFile; fileRef = A5EDD00C23D60ED400787BC0 /* VkDataBase.swift */; };
		A5EDD00F23D612F600787BC0 /* FriendsTableViewController.swift in Sources */ = {isa = PBXBuildFile; fileRef = A5EDD00E23D612F600787BC0 /* FriendsTableViewController.swift */; };
		A5EDD01123D6175600787BC0 /* FriendCollectionViewController.swift in Sources */ = {isa = PBXBuildFile; fileRef = A5EDD01023D6175600787BC0 /* FriendCollectionViewController.swift */; };
		A5EDD01323D6205500787BC0 /* GroupsTableViewController.swift in Sources */ = {isa = PBXBuildFile; fileRef = A5EDD01223D6205500787BC0 /* GroupsTableViewController.swift */; };
/* End PBXBuildFile section */

/* Begin PBXFileReference section */
		A5373F5623D5FFD900BB4154 /* FriendTableViewCell.swift */ = {isa = PBXFileReference; lastKnownFileType = sourcecode.swift; path = FriendTableViewCell.swift; sourceTree = "<group>"; };
		A5373F5823D6026100BB4154 /* FriendCollectionViewCell.swift */ = {isa = PBXFileReference; lastKnownFileType = sourcecode.swift; path = FriendCollectionViewCell.swift; sourceTree = "<group>"; };
		A5952C3223CAF04A003221C4 /* VKApp.app */ = {isa = PBXFileReference; explicitFileType = wrapper.application; includeInIndex = 0; path = VKApp.app; sourceTree = BUILT_PRODUCTS_DIR; };
		A5952C3523CAF04A003221C4 /* AppDelegate.swift */ = {isa = PBXFileReference; lastKnownFileType = sourcecode.swift; path = AppDelegate.swift; sourceTree = "<group>"; };
		A5952C3723CAF04A003221C4 /* SceneDelegate.swift */ = {isa = PBXFileReference; lastKnownFileType = sourcecode.swift; path = SceneDelegate.swift; sourceTree = "<group>"; };
		A5952C3C23CAF04A003221C4 /* Base */ = {isa = PBXFileReference; lastKnownFileType = file.storyboard; name = Base; path = Base.lproj/Main.storyboard; sourceTree = "<group>"; };
		A5952C3E23CAF04E003221C4 /* Assets.xcassets */ = {isa = PBXFileReference; lastKnownFileType = folder.assetcatalog; path = Assets.xcassets; sourceTree = "<group>"; };
		A5952C4123CAF04E003221C4 /* Base */ = {isa = PBXFileReference; lastKnownFileType = file.storyboard; name = Base; path = Base.lproj/LaunchScreen.storyboard; sourceTree = "<group>"; };
		A5952C4323CAF04E003221C4 /* Info.plist */ = {isa = PBXFileReference; lastKnownFileType = text.plist.xml; path = Info.plist; sourceTree = "<group>"; };
		A5952C4923CAF4D9003221C4 /* LoginFormController.swift */ = {isa = PBXFileReference; lastKnownFileType = sourcecode.swift; path = LoginFormController.swift; sourceTree = "<group>"; };
		A596595523D624E800715FD9 /* AllGroupsTableViewController.swift */ = {isa = PBXFileReference; lastKnownFileType = sourcecode.swift; path = AllGroupsTableViewController.swift; sourceTree = "<group>"; };
		A5EDD00523D6059700787BC0 /* GroupTableViewCell.swift */ = {isa = PBXFileReference; lastKnownFileType = sourcecode.swift; path = GroupTableViewCell.swift; sourceTree = "<group>"; };
		A5EDD00823D607A700787BC0 /* User.swift */ = {isa = PBXFileReference; lastKnownFileType = sourcecode.swift; path = User.swift; sourceTree = "<group>"; };
		A5EDD00A23D60DE600787BC0 /* Group.swift */ = {isa = PBXFileReference; lastKnownFileType = sourcecode.swift; path = Group.swift; sourceTree = "<group>"; };
		A5EDD00C23D60ED400787BC0 /* VkDataBase.swift */ = {isa = PBXFileReference; lastKnownFileType = sourcecode.swift; path = VkDataBase.swift; sourceTree = "<group>"; };
		A5EDD00E23D612F600787BC0 /* FriendsTableViewController.swift */ = {isa = PBXFileReference; lastKnownFileType = sourcecode.swift; path = FriendsTableViewController.swift; sourceTree = "<group>"; };
		A5EDD01023D6175600787BC0 /* FriendCollectionViewController.swift */ = {isa = PBXFileReference; lastKnownFileType = sourcecode.swift; path = FriendCollectionViewController.swift; sourceTree = "<group>"; };
		A5EDD01223D6205500787BC0 /* GroupsTableViewController.swift */ = {isa = PBXFileReference; lastKnownFileType = sourcecode.swift; path = GroupsTableViewController.swift; sourceTree = "<group>"; };
/* End PBXFileReference section */

/* Begin PBXFrameworksBuildPhase section */
		A5952C2F23CAF04A003221C4 /* Frameworks */ = {
			isa = PBXFrameworksBuildPhase;
			buildActionMask = 2147483647;
			files = (
			);
			runOnlyForDeploymentPostprocessing = 0;
		};
/* End PBXFrameworksBuildPhase section */

/* Begin PBXGroup section */
		A5952C2923CAF04A003221C4 = {
			isa = PBXGroup;
			children = (
				A5952C3423CAF04A003221C4 /* VKApp */,
				A5952C3323CAF04A003221C4 /* Products */,
			);
			sourceTree = "<group>";
		};
		A5952C3323CAF04A003221C4 /* Products */ = {
			isa = PBXGroup;
			children = (
				A5952C3223CAF04A003221C4 /* VKApp.app */,
			);
			name = Products;
			sourceTree = "<group>";
		};
		A5952C3423CAF04A003221C4 /* VKApp */ = {
			isa = PBXGroup;
			children = (
				A5EDD00523D6059700787BC0 /* GroupTableViewCell.swift */,
				A5952C3523CAF04A003221C4 /* AppDelegate.swift */,
				A5952C3723CAF04A003221C4 /* SceneDelegate.swift */,
				A5952C3B23CAF04A003221C4 /* Main.storyboard */,
				A596595523D624E800715FD9 /* AllGroupsTableViewController.swift */,
				A5EDD01223D6205500787BC0 /* GroupsTableViewController.swift */,
				A5EDD01023D6175600787BC0 /* FriendCollectionViewController.swift */,
				A5EDD00E23D612F600787BC0 /* FriendsTableViewController.swift */,
				A5373F5823D6026100BB4154 /* FriendCollectionViewCell.swift */,
				A5952C4923CAF4D9003221C4 /* LoginFormController.swift */,
				A5EDD00723D6078400787BC0 /* Model */,
				A5952C3E23CAF04E003221C4 /* Assets.xcassets */,
				A5952C4023CAF04E003221C4 /* LaunchScreen.storyboard */,
				A5952C4323CAF04E003221C4 /* Info.plist */,
				A5373F5623D5FFD900BB4154 /* FriendTableViewCell.swift */,
			);
			path = VKApp;
			sourceTree = "<group>";
		};
		A5EDD00723D6078400787BC0 /* Model */ = {
			isa = PBXGroup;
			children = (
				A5EDD00823D607A700787BC0 /* User.swift */,
				A5EDD00A23D60DE600787BC0 /* Group.swift */,
				A5EDD00C23D60ED400787BC0 /* VkDataBase.swift */,
			);
			path = Model;
			sourceTree = "<group>";
		};
/* End PBXGroup section */

/* Begin PBXNativeTarget section */
		A5952C3123CAF04A003221C4 /* VKApp */ = {
			isa = PBXNativeTarget;
			buildConfigurationList = A5952C4623CAF04E003221C4 /* Build configuration list for PBXNativeTarget "VKApp" */;
			buildPhases = (
				A5952C2E23CAF04A003221C4 /* Sources */,
				A5952C2F23CAF04A003221C4 /* Frameworks */,
				A5952C3023CAF04A003221C4 /* Resources */,
			);
			buildRules = (
			);
			dependencies = (
			);
			name = VKApp;
			productName = VKApp;
			productReference = A5952C3223CAF04A003221C4 /* VKApp.app */;
			productType = "com.apple.product-type.application";
		};
/* End PBXNativeTarget section */

/* Begin PBXProject section */
		A5952C2A23CAF04A003221C4 /* Project object */ = {
			isa = PBXProject;
			attributes = {
				LastSwiftUpdateCheck = 1130;
				LastUpgradeCheck = 1130;
				ORGANIZATIONNAME = "Сергей Зесли";
				TargetAttributes = {
					A5952C3123CAF04A003221C4 = {
						CreatedOnToolsVersion = 11.3;
					};
				};
			};
			buildConfigurationList = A5952C2D23CAF04A003221C4 /* Build configuration list for PBXProject "VKApp" */;
			compatibilityVersion = "Xcode 9.3";
			developmentRegion = en;
			hasScannedForEncodings = 0;
			knownRegions = (
				en,
				Base,
			);
			mainGroup = A5952C2923CAF04A003221C4;
			productRefGroup = A5952C3323CAF04A003221C4 /* Products */;
			projectDirPath = "";
			projectRoot = "";
			targets = (
				A5952C3123CAF04A003221C4 /* VKApp */,
			);
		};
/* End PBXProject section */

/* Begin PBXResourcesBuildPhase section */
		A5952C3023CAF04A003221C4 /* Resources */ = {
			isa = PBXResourcesBuildPhase;
			buildActionMask = 2147483647;
			files = (
				A5952C4223CAF04E003221C4 /* LaunchScreen.storyboard in Resources */,
				A5952C3F23CAF04E003221C4 /* Assets.xcassets in Resources */,
				A5952C3D23CAF04A003221C4 /* Main.storyboard in Resources */,
			);
			runOnlyForDeploymentPostprocessing = 0;
		};
/* End PBXResourcesBuildPhase section */

/* Begin PBXSourcesBuildPhase section */
		A5952C2E23CAF04A003221C4 /* Sources */ = {
			isa = PBXSourcesBuildPhase;
			buildActionMask = 2147483647;
			files = (
				A5EDD00D23D60ED400787BC0 /* VkDataBase.swift in Sources */,
				A5952C4A23CAF4D9003221C4 /* LoginFormController.swift in Sources */,
				A5952C3623CAF04A003221C4 /* AppDelegate.swift in Sources */,
				A5373F5923D6026100BB4154 /* FriendCollectionViewCell.swift in Sources */,
				A5EDD00F23D612F600787BC0 /* FriendsTableViewController.swift in Sources */,
				A5EDD01323D6205500787BC0 /* GroupsTableViewController.swift in Sources */,
				A596595623D624E800715FD9 /* AllGroupsTableViewController.swift in Sources */,
				A5EDD00B23D60DE600787BC0 /* Group.swift in Sources */,
				A5EDD01123D6175600787BC0 /* FriendCollectionViewController.swift in Sources */,
				A5EDD00623D6059700787BC0 /* GroupTableViewCell.swift in Sources */,
				A5952C3823CAF04A003221C4 /* SceneDelegate.swift in Sources */,
				A5373F5723D5FFD900BB4154 /* FriendTableViewCell.swift in Sources */,
				A5EDD00923D607A700787BC0 /* User.swift in Sources */,
			);
			runOnlyForDeploymentPostprocessing = 0;
		};
/* End PBXSourcesBuildPhase section */

/* Begin PBXVariantGroup section */
		A5952C3B23CAF04A003221C4 /* Main.storyboard */ = {
			isa = PBXVariantGroup;
			children = (
				A5952C3C23CAF04A003221C4 /* Base */,
			);
			name = Main.storyboard;
			sourceTree = "<group>";
		};
		A5952C4023CAF04E003221C4 /* LaunchScreen.storyboard */ = {
			isa = PBXVariantGroup;
			children = (
				A5952C4123CAF04E003221C4 /* Base */,
			);
			name = LaunchScreen.storyboard;
			sourceTree = "<group>";
		};
/* End PBXVariantGroup section */

/* Begin XCBuildConfiguration section */
		A5952C4423CAF04E003221C4 /* Debug */ = {
			isa = XCBuildConfiguration;
			buildSettings = {
				ALWAYS_SEARCH_USER_PATHS = NO;
				CLANG_ANALYZER_NONNULL = YES;
				CLANG_ANALYZER_NUMBER_OBJECT_CONVERSION = YES_AGGRESSIVE;
				CLANG_CXX_LANGUAGE_STANDARD = "gnu++14";
				CLANG_CXX_LIBRARY = "libc++";
				CLANG_ENABLE_MODULES = YES;
				CLANG_ENABLE_OBJC_ARC = YES;
				CLANG_ENABLE_OBJC_WEAK = YES;
				CLANG_WARN_BLOCK_CAPTURE_AUTORELEASING = YES;
				CLANG_WARN_BOOL_CONVERSION = YES;
				CLANG_WARN_COMMA = YES;
				CLANG_WARN_CONSTANT_CONVERSION = YES;
				CLANG_WARN_DEPRECATED_OBJC_IMPLEMENTATIONS = YES;
				CLANG_WARN_DIRECT_OBJC_ISA_USAGE = YES_ERROR;
				CLANG_WARN_DOCUMENTATION_COMMENTS = YES;
				CLANG_WARN_EMPTY_BODY = YES;
				CLANG_WARN_ENUM_CONVERSION = YES;
				CLANG_WARN_INFINITE_RECURSION = YES;
				CLANG_WARN_INT_CONVERSION = YES;
				CLANG_WARN_NON_LITERAL_NULL_CONVERSION = YES;
				CLANG_WARN_OBJC_IMPLICIT_RETAIN_SELF = YES;
				CLANG_WARN_OBJC_LITERAL_CONVERSION = YES;
				CLANG_WARN_OBJC_ROOT_CLASS = YES_ERROR;
				CLANG_WARN_RANGE_LOOP_ANALYSIS = YES;
				CLANG_WARN_STRICT_PROTOTYPES = YES;
				CLANG_WARN_SUSPICIOUS_MOVE = YES;
				CLANG_WARN_UNGUARDED_AVAILABILITY = YES_AGGRESSIVE;
				CLANG_WARN_UNREACHABLE_CODE = YES;
				CLANG_WARN__DUPLICATE_METHOD_MATCH = YES;
				COPY_PHASE_STRIP = NO;
				DEBUG_INFORMATION_FORMAT = dwarf;
				ENABLE_STRICT_OBJC_MSGSEND = YES;
				ENABLE_TESTABILITY = YES;
				GCC_C_LANGUAGE_STANDARD = gnu11;
				GCC_DYNAMIC_NO_PIC = NO;
				GCC_NO_COMMON_BLOCKS = YES;
				GCC_OPTIMIZATION_LEVEL = 0;
				GCC_PREPROCESSOR_DEFINITIONS = (
					"DEBUG=1",
					"$(inherited)",
				);
				GCC_WARN_64_TO_32_BIT_CONVERSION = YES;
				GCC_WARN_ABOUT_RETURN_TYPE = YES_ERROR;
				GCC_WARN_UNDECLARED_SELECTOR = YES;
				GCC_WARN_UNINITIALIZED_AUTOS = YES_AGGRESSIVE;
				GCC_WARN_UNUSED_FUNCTION = YES;
				GCC_WARN_UNUSED_VARIABLE = YES;
				IPHONEOS_DEPLOYMENT_TARGET = 13.2;
				MTL_ENABLE_DEBUG_INFO = INCLUDE_SOURCE;
				MTL_FAST_MATH = YES;
				ONLY_ACTIVE_ARCH = YES;
				SDKROOT = iphoneos;
				SWIFT_ACTIVE_COMPILATION_CONDITIONS = DEBUG;
				SWIFT_OPTIMIZATION_LEVEL = "-Onone";
			};
			name = Debug;
		};
		A5952C4523CAF04E003221C4 /* Release */ = {
			isa = XCBuildConfiguration;
			buildSettings = {
				ALWAYS_SEARCH_USER_PATHS = NO;
				CLANG_ANALYZER_NONNULL = YES;
				CLANG_ANALYZER_NUMBER_OBJECT_CONVERSION = YES_AGGRESSIVE;
				CLANG_CXX_LANGUAGE_STANDARD = "gnu++14";
				CLANG_CXX_LIBRARY = "libc++";
				CLANG_ENABLE_MODULES = YES;
				CLANG_ENABLE_OBJC_ARC = YES;
				CLANG_ENABLE_OBJC_WEAK = YES;
				CLANG_WARN_BLOCK_CAPTURE_AUTORELEASING = YES;
				CLANG_WARN_BOOL_CONVERSION = YES;
				CLANG_WARN_COMMA = YES;
				CLANG_WARN_CONSTANT_CONVERSION = YES;
				CLANG_WARN_DEPRECATED_OBJC_IMPLEMENTATIONS = YES;
				CLANG_WARN_DIRECT_OBJC_ISA_USAGE = YES_ERROR;
				CLANG_WARN_DOCUMENTATION_COMMENTS = YES;
				CLANG_WARN_EMPTY_BODY = YES;
				CLANG_WARN_ENUM_CONVERSION = YES;
				CLANG_WARN_INFINITE_RECURSION = YES;
				CLANG_WARN_INT_CONVERSION = YES;
				CLANG_WARN_NON_LITERAL_NULL_CONVERSION = YES;
				CLANG_WARN_OBJC_IMPLICIT_RETAIN_SELF = YES;
				CLANG_WARN_OBJC_LITERAL_CONVERSION = YES;
				CLANG_WARN_OBJC_ROOT_CLASS = YES_ERROR;
				CLANG_WARN_RANGE_LOOP_ANALYSIS = YES;
				CLANG_WARN_STRICT_PROTOTYPES = YES;
				CLANG_WARN_SUSPICIOUS_MOVE = YES;
				CLANG_WARN_UNGUARDED_AVAILABILITY = YES_AGGRESSIVE;
				CLANG_WARN_UNREACHABLE_CODE = YES;
				CLANG_WARN__DUPLICATE_METHOD_MATCH = YES;
				COPY_PHASE_STRIP = NO;
				DEBUG_INFORMATION_FORMAT = "dwarf-with-dsym";
				ENABLE_NS_ASSERTIONS = NO;
				ENABLE_STRICT_OBJC_MSGSEND = YES;
				GCC_C_LANGUAGE_STANDARD = gnu11;
				GCC_NO_COMMON_BLOCKS = YES;
				GCC_WARN_64_TO_32_BIT_CONVERSION = YES;
				GCC_WARN_ABOUT_RETURN_TYPE = YES_ERROR;
				GCC_WARN_UNDECLARED_SELECTOR = YES;
				GCC_WARN_UNINITIALIZED_AUTOS = YES_AGGRESSIVE;
				GCC_WARN_UNUSED_FUNCTION = YES;
				GCC_WARN_UNUSED_VARIABLE = YES;
				IPHONEOS_DEPLOYMENT_TARGET = 13.2;
				MTL_ENABLE_DEBUG_INFO = NO;
				MTL_FAST_MATH = YES;
				SDKROOT = iphoneos;
				SWIFT_COMPILATION_MODE = wholemodule;
				SWIFT_OPTIMIZATION_LEVEL = "-O";
				VALIDATE_PRODUCT = YES;
			};
			name = Release;
		};
		A5952C4723CAF04E003221C4 /* Debug */ = {
			isa = XCBuildConfiguration;
			buildSettings = {
				ASSETCATALOG_COMPILER_APPICON_NAME = AppIcon;
				CODE_SIGN_STYLE = Automatic;
				DEVELOPMENT_TEAM = 6256636Q6S;
				INFOPLIST_FILE = VKApp/Info.plist;
				LD_RUNPATH_SEARCH_PATHS = (
					"$(inherited)",
					"@executable_path/Frameworks",
				);
				PRODUCT_BUNDLE_IDENTIFIER = Sergue.VKApp;
				PRODUCT_NAME = "$(TARGET_NAME)";
				SWIFT_VERSION = 5.0;
				TARGETED_DEVICE_FAMILY = "1,2";
			};
			name = Debug;
		};
		A5952C4823CAF04E003221C4 /* Release */ = {
			isa = XCBuildConfiguration;
			buildSettings = {
				ASSETCATALOG_COMPILER_APPICON_NAME = AppIcon;
				CODE_SIGN_STYLE = Automatic;
				DEVELOPMENT_TEAM = 6256636Q6S;
				INFOPLIST_FILE = VKApp/Info.plist;
				LD_RUNPATH_SEARCH_PATHS = (
					"$(inherited)",
					"@executable_path/Frameworks",
				);
				PRODUCT_BUNDLE_IDENTIFIER = Sergue.VKApp;
				PRODUCT_NAME = "$(TARGET_NAME)";
				SWIFT_VERSION = 5.0;
				TARGETED_DEVICE_FAMILY = "1,2";
			};
			name = Release;
		};
/* End XCBuildConfiguration section */

/* Begin XCConfigurationList section */
		A5952C2D23CAF04A003221C4 /* Build configuration list for PBXProject "VKApp" */ = {
			isa = XCConfigurationList;
			buildConfigurations = (
				A5952C4423CAF04E003221C4 /* Debug */,
				A5952C4523CAF04E003221C4 /* Release */,
			);
			defaultConfigurationIsVisible = 0;
			defaultConfigurationName = Release;
		};
		A5952C4623CAF04E003221C4 /* Build configuration list for PBXNativeTarget "VKApp" */ = {
			isa = XCConfigurationList;
			buildConfigurations = (
				A5952C4723CAF04E003221C4 /* Debug */,
				A5952C4823CAF04E003221C4 /* Release */,
			);
			defaultConfigurationIsVisible = 0;
			defaultConfigurationName = Release;
		};
/* End XCConfigurationList section */
	};
	rootObject = A5952C2A23CAF04A003221C4 /* Project object */;
}
