// !$*UTF8*$!
{
	archiveVersion = 1;
	classes = {
	};
	objectVersion = 51;
	objects = {

/* Begin PBXBuildFile section */
		A0B7196875AF8FEC0223EE26 /* Pods_VKApp.framework in Frameworks */ = {isa = PBXBuildFile; fileRef = 40F1541BA97AF27C8A100178 /* Pods_VKApp.framework */; };
		A50A940923EC649600CF14B6 /* FriendPhotoViewController.swift in Sources */ = {isa = PBXBuildFile; fileRef = A50A940823EC649600CF14B6 /* FriendPhotoViewController.swift */; };
		A529CCC22423B6AB00B41421 /* RootNews.swift in Sources */ = {isa = PBXBuildFile; fileRef = A529CCC12423B6AB00B41421 /* RootNews.swift */; };
		A5373F5723D5FFD900BB4154 /* FriendTableViewCell.swift in Sources */ = {isa = PBXBuildFile; fileRef = A5373F5623D5FFD900BB4154 /* FriendTableViewCell.swift */; };
		A5373F5923D6026100BB4154 /* FriendCollectionViewCell.swift in Sources */ = {isa = PBXBuildFile; fileRef = A5373F5823D6026100BB4154 /* FriendCollectionViewCell.swift */; };
		A5385BC02402406200F0C65F /* LoginVKViewController.swift in Sources */ = {isa = PBXBuildFile; fileRef = A5385BBF2402406200F0C65F /* LoginVKViewController.swift */; };
		A5419B1723FED1FF008F7172 /* Session.swift in Sources */ = {isa = PBXBuildFile; fileRef = A5419B1623FED1FF008F7172 /* Session.swift */; };
		A549D1D923DA39520023C3FE /* CustomControl.swift in Sources */ = {isa = PBXBuildFile; fileRef = A549D1D823DA39520023C3FE /* CustomControl.swift */; };
		A549D1DB23DA398E0023C3FE /* CustomView.swift in Sources */ = {isa = PBXBuildFile; fileRef = A549D1DA23DA398E0023C3FE /* CustomView.swift */; };
		A55BAEFB23E7535200D01DAF /* NewsTableViewCell.swift in Sources */ = {isa = PBXBuildFile; fileRef = A55BAEFA23E7535200D01DAF /* NewsTableViewCell.swift */; };
		A55BAEFD23E7572700D01DAF /* News.swift in Sources */ = {isa = PBXBuildFile; fileRef = A55BAEFC23E7572700D01DAF /* News.swift */; };
		A55BAEFF23E75C2000D01DAF /* NewsTableViewController.swift in Sources */ = {isa = PBXBuildFile; fileRef = A55BAEFE23E75C2000D01DAF /* NewsTableViewController.swift */; };
		A5655CA323E72A0E00D6CC29 /* FriendTableViewHeader.swift in Sources */ = {isa = PBXBuildFile; fileRef = A5655CA223E72A0E00D6CC29 /* FriendTableViewHeader.swift */; };
		A56D798523F1BE5300006118 /* PushAnimator.swift in Sources */ = {isa = PBXBuildFile; fileRef = A56D798423F1BE5300006118 /* PushAnimator.swift */; };
		A56D798723F1C22800006118 /* PopAnimator.swift in Sources */ = {isa = PBXBuildFile; fileRef = A56D798623F1C22800006118 /* PopAnimator.swift */; };
		A56D798923F1C40500006118 /* CustomNavigationController.swift in Sources */ = {isa = PBXBuildFile; fileRef = A56D798823F1C40500006118 /* CustomNavigationController.swift */; };
		A56D798B23F1CD0500006118 /* CustomInteractiveTransition.swift in Sources */ = {isa = PBXBuildFile; fileRef = A56D798A23F1CD0500006118 /* CustomInteractiveTransition.swift */; };
		A571E021242125D6007F74C8 /* UserFire.swift in Sources */ = {isa = PBXBuildFile; fileRef = A571E020242125D6007F74C8 /* UserFire.swift */; };
		A5771664241695CA00AF8A57 /* RealmUserWithPhoto.swift in Sources */ = {isa = PBXBuildFile; fileRef = A5771663241695CA00AF8A57 /* RealmUserWithPhoto.swift */; };
		A581FE2A240811F300CCDD00 /* RootFriends.swift in Sources */ = {isa = PBXBuildFile; fileRef = A581FE29240811F300CCDD00 /* RootFriends.swift */; };
		A581FE2C2408185500CCDD00 /* MainTabBarController.swift in Sources */ = {isa = PBXBuildFile; fileRef = A581FE2B2408185500CCDD00 /* MainTabBarController.swift */; };
		A581FE2E2408298800CCDD00 /* RootGroups.swift in Sources */ = {isa = PBXBuildFile; fileRef = A581FE2D2408298800CCDD00 /* RootGroups.swift */; };
		A581FE3024082D4400CCDD00 /* RootPhotos.swift in Sources */ = {isa = PBXBuildFile; fileRef = A581FE2F24082D4400CCDD00 /* RootPhotos.swift */; };
		A581FE3224083C2200CCDD00 /* PhotosTableViewController.swift in Sources */ = {isa = PBXBuildFile; fileRef = A581FE3124083C2200CCDD00 /* PhotosTableViewController.swift */; };
		A581FE3424083C9E00CCDD00 /* PhotoTableViewCell.swift in Sources */ = {isa = PBXBuildFile; fileRef = A581FE3324083C9E00CCDD00 /* PhotoTableViewCell.swift */; };
		A581FE36240840FF00CCDD00 /* Photo.swift in Sources */ = {isa = PBXBuildFile; fileRef = A581FE35240840FF00CCDD00 /* Photo.swift */; };
		A58F538A240B8B90003A3A34 /* RealmUser.swift in Sources */ = {isa = PBXBuildFile; fileRef = A58F5389240B8B90003A3A34 /* RealmUser.swift */; };
		A58F538C240B8E30003A3A34 /* RealGroup.swift in Sources */ = {isa = PBXBuildFile; fileRef = A58F538B240B8E30003A3A34 /* RealGroup.swift */; };
		A58F538E240B9086003A3A34 /* RealmPhoto.swift in Sources */ = {isa = PBXBuildFile; fileRef = A58F538D240B9086003A3A34 /* RealmPhoto.swift */; };
		A5952C3623CAF04A003221C4 /* AppDelegate.swift in Sources */ = {isa = PBXBuildFile; fileRef = A5952C3523CAF04A003221C4 /* AppDelegate.swift */; };
		A5952C3823CAF04A003221C4 /* SceneDelegate.swift in Sources */ = {isa = PBXBuildFile; fileRef = A5952C3723CAF04A003221C4 /* SceneDelegate.swift */; };
		A5952C3D23CAF04A003221C4 /* Main.storyboard in Resources */ = {isa = PBXBuildFile; fileRef = A5952C3B23CAF04A003221C4 /* Main.storyboard */; };
		A5952C3F23CAF04E003221C4 /* Assets.xcassets in Resources */ = {isa = PBXBuildFile; fileRef = A5952C3E23CAF04E003221C4 /* Assets.xcassets */; };
		A5952C4223CAF04E003221C4 /* LaunchScreen.storyboard in Resources */ = {isa = PBXBuildFile; fileRef = A5952C4023CAF04E003221C4 /* LaunchScreen.storyboard */; };
		A5952C4A23CAF4D9003221C4 /* LoginFormController.swift in Sources */ = {isa = PBXBuildFile; fileRef = A5952C4923CAF4D9003221C4 /* LoginFormController.swift */; };
		A596595623D624E800715FD9 /* AllGroupsTableViewController.swift in Sources */ = {isa = PBXBuildFile; fileRef = A596595523D624E800715FD9 /* AllGroupsTableViewController.swift */; };
		A5A21B5424212DDF00095600 /* AuthUsersTableViewController.swift in Sources */ = {isa = PBXBuildFile; fileRef = A5A21B5324212DDF00095600 /* AuthUsersTableViewController.swift */; };
		A5A21B56242134E300095600 /* GroupFire.swift in Sources */ = {isa = PBXBuildFile; fileRef = A5A21B55242134E300095600 /* GroupFire.swift */; };
		A5BED7E923E86CD70002BFE3 /* CustomPoints3.xib in Resources */ = {isa = PBXBuildFile; fileRef = A5BED7E823E86CD70002BFE3 /* CustomPoints3.xib */; };
		A5BED7EB23E86F690002BFE3 /* CustomPoints3.swift in Sources */ = {isa = PBXBuildFile; fileRef = A5BED7EA23E86F690002BFE3 /* CustomPoints3.swift */; };
		A5D93B67241FFB0600C547FC /* GoogleService-Info.plist in Resources */ = {isa = PBXBuildFile; fileRef = A5D93B66241FFB0600C547FC /* GoogleService-Info.plist */; };
		A5EDD00623D6059700787BC0 /* GroupTableViewCell.swift in Sources */ = {isa = PBXBuildFile; fileRef = A5EDD00523D6059700787BC0 /* GroupTableViewCell.swift */; };
		A5EDD00923D607A700787BC0 /* User.swift in Sources */ = {isa = PBXBuildFile; fileRef = A5EDD00823D607A700787BC0 /* User.swift */; };
		A5EDD00B23D60DE600787BC0 /* Group.swift in Sources */ = {isa = PBXBuildFile; fileRef = A5EDD00A23D60DE600787BC0 /* Group.swift */; };
		A5EDD00D23D60ED400787BC0 /* VkDataBase.swift in Sources */ = {isa = PBXBuildFile; fileRef = A5EDD00C23D60ED400787BC0 /* VkDataBase.swift */; };
		A5EDD00F23D612F600787BC0 /* FriendsTableViewController.swift in Sources */ = {isa = PBXBuildFile; fileRef = A5EDD00E23D612F600787BC0 /* FriendsTableViewController.swift */; };
		A5EDD01123D6175600787BC0 /* FriendCollectionViewController.swift in Sources */ = {isa = PBXBuildFile; fileRef = A5EDD01023D6175600787BC0 /* FriendCollectionViewController.swift */; };
		A5EDD01323D6205500787BC0 /* GroupsTableViewController.swift in Sources */ = {isa = PBXBuildFile; fileRef = A5EDD01223D6205500787BC0 /* GroupsTableViewController.swift */; };
		A5FF71302402F79800019BDE /* VKActionsViewController.swift in Sources */ = {isa = PBXBuildFile; fileRef = A5FF712F2402F79800019BDE /* VKActionsViewController.swift */; };
/* End PBXBuildFile section */

/* Begin PBXFileReference section */
		40F1541BA97AF27C8A100178 /* Pods_VKApp.framework */ = {isa = PBXFileReference; explicitFileType = wrapper.framework; includeInIndex = 0; path = Pods_VKApp.framework; sourceTree = BUILT_PRODUCTS_DIR; };
		451C77AD45A760367B611144 /* Pods-VKApp.release.xcconfig */ = {isa = PBXFileReference; includeInIndex = 1; lastKnownFileType = text.xcconfig; name = "Pods-VKApp.release.xcconfig"; path = "Target Support Files/Pods-VKApp/Pods-VKApp.release.xcconfig"; sourceTree = "<group>"; };
		A50A940823EC649600CF14B6 /* FriendPhotoViewController.swift */ = {isa = PBXFileReference; lastKnownFileType = sourcecode.swift; path = FriendPhotoViewController.swift; sourceTree = "<group>"; };
		A529CCC12423B6AB00B41421 /* RootNews.swift */ = {isa = PBXFileReference; lastKnownFileType = sourcecode.swift; path = RootNews.swift; sourceTree = "<group>"; };
		A5373F5623D5FFD900BB4154 /* FriendTableViewCell.swift */ = {isa = PBXFileReference; lastKnownFileType = sourcecode.swift; path = FriendTableViewCell.swift; sourceTree = "<group>"; };
		A5373F5823D6026100BB4154 /* FriendCollectionViewCell.swift */ = {isa = PBXFileReference; lastKnownFileType = sourcecode.swift; path = FriendCollectionViewCell.swift; sourceTree = "<group>"; };
		A5385BBF2402406200F0C65F /* LoginVKViewController.swift */ = {isa = PBXFileReference; lastKnownFileType = sourcecode.swift; path = LoginVKViewController.swift; sourceTree = "<group>"; };
		A5419B1623FED1FF008F7172 /* Session.swift */ = {isa = PBXFileReference; lastKnownFileType = sourcecode.swift; path = Session.swift; sourceTree = "<group>"; };
		A549D1D823DA39520023C3FE /* CustomControl.swift */ = {isa = PBXFileReference; lastKnownFileType = sourcecode.swift; path = CustomControl.swift; sourceTree = "<group>"; };
		A549D1DA23DA398E0023C3FE /* CustomView.swift */ = {isa = PBXFileReference; lastKnownFileType = sourcecode.swift; path = CustomView.swift; sourceTree = "<group>"; };
		A55BAEFA23E7535200D01DAF /* NewsTableViewCell.swift */ = {isa = PBXFileReference; lastKnownFileType = sourcecode.swift; path = NewsTableViewCell.swift; sourceTree = "<group>"; };
		A55BAEFC23E7572700D01DAF /* News.swift */ = {isa = PBXFileReference; lastKnownFileType = sourcecode.swift; path = News.swift; sourceTree = "<group>"; };
		A55BAEFE23E75C2000D01DAF /* NewsTableViewController.swift */ = {isa = PBXFileReference; lastKnownFileType = sourcecode.swift; path = NewsTableViewController.swift; sourceTree = "<group>"; };
		A5655CA223E72A0E00D6CC29 /* FriendTableViewHeader.swift */ = {isa = PBXFileReference; lastKnownFileType = sourcecode.swift; path = FriendTableViewHeader.swift; sourceTree = "<group>"; };
		A56D798423F1BE5300006118 /* PushAnimator.swift */ = {isa = PBXFileReference; lastKnownFileType = sourcecode.swift; path = PushAnimator.swift; sourceTree = "<group>"; };
		A56D798623F1C22800006118 /* PopAnimator.swift */ = {isa = PBXFileReference; lastKnownFileType = sourcecode.swift; path = PopAnimator.swift; sourceTree = "<group>"; };
		A56D798823F1C40500006118 /* CustomNavigationController.swift */ = {isa = PBXFileReference; lastKnownFileType = sourcecode.swift; path = CustomNavigationController.swift; sourceTree = "<group>"; };
		A56D798A23F1CD0500006118 /* CustomInteractiveTransition.swift */ = {isa = PBXFileReference; lastKnownFileType = sourcecode.swift; path = CustomInteractiveTransition.swift; sourceTree = "<group>"; };
		A571E020242125D6007F74C8 /* UserFire.swift */ = {isa = PBXFileReference; lastKnownFileType = sourcecode.swift; path = UserFire.swift; sourceTree = "<group>"; };
		A5771663241695CA00AF8A57 /* RealmUserWithPhoto.swift */ = {isa = PBXFileReference; lastKnownFileType = sourcecode.swift; path = RealmUserWithPhoto.swift; sourceTree = "<group>"; };
		A581FE29240811F300CCDD00 /* RootFriends.swift */ = {isa = PBXFileReference; lastKnownFileType = sourcecode.swift; path = RootFriends.swift; sourceTree = "<group>"; };
		A581FE2B2408185500CCDD00 /* MainTabBarController.swift */ = {isa = PBXFileReference; lastKnownFileType = sourcecode.swift; path = MainTabBarController.swift; sourceTree = "<group>"; };
		A581FE2D2408298800CCDD00 /* RootGroups.swift */ = {isa = PBXFileReference; lastKnownFileType = sourcecode.swift; path = RootGroups.swift; sourceTree = "<group>"; };
		A581FE2F24082D4400CCDD00 /* RootPhotos.swift */ = {isa = PBXFileReference; lastKnownFileType = sourcecode.swift; path = RootPhotos.swift; sourceTree = "<group>"; };
		A581FE3124083C2200CCDD00 /* PhotosTableViewController.swift */ = {isa = PBXFileReference; lastKnownFileType = sourcecode.swift; path = PhotosTableViewController.swift; sourceTree = "<group>"; };
		A581FE3324083C9E00CCDD00 /* PhotoTableViewCell.swift */ = {isa = PBXFileReference; lastKnownFileType = sourcecode.swift; path = PhotoTableViewCell.swift; sourceTree = "<group>"; };
		A581FE35240840FF00CCDD00 /* Photo.swift */ = {isa = PBXFileReference; lastKnownFileType = sourcecode.swift; path = Photo.swift; sourceTree = "<group>"; };
		A58F5389240B8B90003A3A34 /* RealmUser.swift */ = {isa = PBXFileReference; lastKnownFileType = sourcecode.swift; path = RealmUser.swift; sourceTree = "<group>"; };
		A58F538B240B8E30003A3A34 /* RealGroup.swift */ = {isa = PBXFileReference; lastKnownFileType = sourcecode.swift; path = RealGroup.swift; sourceTree = "<group>"; };
		A58F538D240B9086003A3A34 /* RealmPhoto.swift */ = {isa = PBXFileReference; lastKnownFileType = sourcecode.swift; path = RealmPhoto.swift; sourceTree = "<group>"; };
		A5952C3223CAF04A003221C4 /* VKApp.app */ = {isa = PBXFileReference; explicitFileType = wrapper.application; includeInIndex = 0; path = VKApp.app; sourceTree = BUILT_PRODUCTS_DIR; };
		A5952C3523CAF04A003221C4 /* AppDelegate.swift */ = {isa = PBXFileReference; lastKnownFileType = sourcecode.swift; path = AppDelegate.swift; sourceTree = "<group>"; };
		A5952C3723CAF04A003221C4 /* SceneDelegate.swift */ = {isa = PBXFileReference; lastKnownFileType = sourcecode.swift; path = SceneDelegate.swift; sourceTree = "<group>"; };
		A5952C3C23CAF04A003221C4 /* Base */ = {isa = PBXFileReference; lastKnownFileType = file.storyboard; name = Base; path = Base.lproj/Main.storyboard; sourceTree = "<group>"; };
		A5952C3E23CAF04E003221C4 /* Assets.xcassets */ = {isa = PBXFileReference; lastKnownFileType = folder.assetcatalog; path = Assets.xcassets; sourceTree = "<group>"; };
		A5952C4123CAF04E003221C4 /* Base */ = {isa = PBXFileReference; lastKnownFileType = file.storyboard; name = Base; path = Base.lproj/LaunchScreen.storyboard; sourceTree = "<group>"; };
		A5952C4323CAF04E003221C4 /* Info.plist */ = {isa = PBXFileReference; lastKnownFileType = text.plist.xml; path = Info.plist; sourceTree = "<group>"; };
		A5952C4923CAF4D9003221C4 /* LoginFormController.swift */ = {isa = PBXFileReference; lastKnownFileType = sourcecode.swift; path = LoginFormController.swift; sourceTree = "<group>"; };
		A596595523D624E800715FD9 /* AllGroupsTableViewController.swift */ = {isa = PBXFileReference; lastKnownFileType = sourcecode.swift; path = AllGroupsTableViewController.swift; sourceTree = "<group>"; };
		A5A21B5324212DDF00095600 /* AuthUsersTableViewController.swift */ = {isa = PBXFileReference; lastKnownFileType = sourcecode.swift; path = AuthUsersTableViewController.swift; sourceTree = "<group>"; };
		A5A21B55242134E300095600 /* GroupFire.swift */ = {isa = PBXFileReference; lastKnownFileType = sourcecode.swift; path = GroupFire.swift; sourceTree = "<group>"; };
		A5BED7E823E86CD70002BFE3 /* CustomPoints3.xib */ = {isa = PBXFileReference; lastKnownFileType = file.xib; path = CustomPoints3.xib; sourceTree = "<group>"; };
		A5BED7EA23E86F690002BFE3 /* CustomPoints3.swift */ = {isa = PBXFileReference; lastKnownFileType = sourcecode.swift; path = CustomPoints3.swift; sourceTree = "<group>"; };
		A5D93B66241FFB0600C547FC /* GoogleService-Info.plist */ = {isa = PBXFileReference; fileEncoding = 4; lastKnownFileType = text.plist.xml; path = "GoogleService-Info.plist"; sourceTree = "<group>"; };
		A5EDD00523D6059700787BC0 /* GroupTableViewCell.swift */ = {isa = PBXFileReference; lastKnownFileType = sourcecode.swift; path = GroupTableViewCell.swift; sourceTree = "<group>"; };
		A5EDD00823D607A700787BC0 /* User.swift */ = {isa = PBXFileReference; lastKnownFileType = sourcecode.swift; path = User.swift; sourceTree = "<group>"; };
		A5EDD00A23D60DE600787BC0 /* Group.swift */ = {isa = PBXFileReference; lastKnownFileType = sourcecode.swift; path = Group.swift; sourceTree = "<group>"; };
		A5EDD00C23D60ED400787BC0 /* VkDataBase.swift */ = {isa = PBXFileReference; lastKnownFileType = sourcecode.swift; path = VkDataBase.swift; sourceTree = "<group>"; };
		A5EDD00E23D612F600787BC0 /* FriendsTableViewController.swift */ = {isa = PBXFileReference; lastKnownFileType = sourcecode.swift; path = FriendsTableViewController.swift; sourceTree = "<group>"; };
		A5EDD01023D6175600787BC0 /* FriendCollectionViewController.swift */ = {isa = PBXFileReference; lastKnownFileType = sourcecode.swift; path = FriendCollectionViewController.swift; sourceTree = "<group>"; };
		A5EDD01223D6205500787BC0 /* GroupsTableViewController.swift */ = {isa = PBXFileReference; lastKnownFileType = sourcecode.swift; path = GroupsTableViewController.swift; sourceTree = "<group>"; };
		A5FF712F2402F79800019BDE /* VKActionsViewController.swift */ = {isa = PBXFileReference; lastKnownFileType = sourcecode.swift; path = VKActionsViewController.swift; sourceTree = "<group>"; };
		F494772653709005845A8815 /* Pods-VKApp.debug.xcconfig */ = {isa = PBXFileReference; includeInIndex = 1; lastKnownFileType = text.xcconfig; name = "Pods-VKApp.debug.xcconfig"; path = "Target Support Files/Pods-VKApp/Pods-VKApp.debug.xcconfig"; sourceTree = "<group>"; };
/* End PBXFileReference section */

/* Begin PBXFrameworksBuildPhase section */
		A5952C2F23CAF04A003221C4 /* Frameworks */ = {
			isa = PBXFrameworksBuildPhase;
			buildActionMask = 2147483647;
			files = (
				A0B7196875AF8FEC0223EE26 /* Pods_VKApp.framework in Frameworks */,
			);
			runOnlyForDeploymentPostprocessing = 0;
		};
/* End PBXFrameworksBuildPhase section */

/* Begin PBXGroup section */
		6795602E0A93A0AF9D6D4DBF /* Frameworks */ = {
			isa = PBXGroup;
			children = (
				40F1541BA97AF27C8A100178 /* Pods_VKApp.framework */,
			);
			name = Frameworks;
			sourceTree = "<group>";
		};
		A549D1D723DA39290023C3FE /* Custom */ = {
			isa = PBXGroup;
			children = (
				A549D1D823DA39520023C3FE /* CustomControl.swift */,
				A549D1DA23DA398E0023C3FE /* CustomView.swift */,
				A5BED7E823E86CD70002BFE3 /* CustomPoints3.xib */,
				A5BED7EA23E86F690002BFE3 /* CustomPoints3.swift */,
			);
			path = Custom;
			sourceTree = "<group>";
		};
		A56D798323F1BE3600006118 /* Animators */ = {
			isa = PBXGroup;
			children = (
				A56D798423F1BE5300006118 /* PushAnimator.swift */,
				A56D798623F1C22800006118 /* PopAnimator.swift */,
				A56D798823F1C40500006118 /* CustomNavigationController.swift */,
				A56D798A23F1CD0500006118 /* CustomInteractiveTransition.swift */,
			);
			path = Animators;
			sourceTree = "<group>";
		};
		A581FE282408117700CCDD00 /* FriendClasses */ = {
			isa = PBXGroup;
			children = (
				A581FE29240811F300CCDD00 /* RootFriends.swift */,
				A581FE35240840FF00CCDD00 /* Photo.swift */,
				A581FE2F24082D4400CCDD00 /* RootPhotos.swift */,
				A581FE2D2408298800CCDD00 /* RootGroups.swift */,
				A529CCC12423B6AB00B41421 /* RootNews.swift */,
			);
			path = FriendClasses;
			sourceTree = "<group>";
		};
		A58F5388240B8A9D003A3A34 /* RealmModel */ = {
			isa = PBXGroup;
			children = (
				A58F5389240B8B90003A3A34 /* RealmUser.swift */,
				A58F538B240B8E30003A3A34 /* RealGroup.swift */,
				A58F538D240B9086003A3A34 /* RealmPhoto.swift */,
				A5771663241695CA00AF8A57 /* RealmUserWithPhoto.swift */,
			);
			path = RealmModel;
			sourceTree = "<group>";
		};
		A5952C2923CAF04A003221C4 = {
			isa = PBXGroup;
			children = (
				A5952C3423CAF04A003221C4 /* VKApp */,
				A5952C3323CAF04A003221C4 /* Products */,
				D7D7060399267F18D9B19C15 /* Pods */,
				6795602E0A93A0AF9D6D4DBF /* Frameworks */,
			);
			sourceTree = "<group>";
		};
		A5952C3323CAF04A003221C4 /* Products */ = {
			isa = PBXGroup;
			children = (
				A5952C3223CAF04A003221C4 /* VKApp.app */,
			);
			name = Products;
			sourceTree = "<group>";
		};
		A5952C3423CAF04A003221C4 /* VKApp */ = {
			isa = PBXGroup;
			children = (
				A58F5388240B8A9D003A3A34 /* RealmModel */,
				A56D798323F1BE3600006118 /* Animators */,
				A549D1D723DA39290023C3FE /* Custom */,
				A5EDD00523D6059700787BC0 /* GroupTableViewCell.swift */,
				A5952C3523CAF04A003221C4 /* AppDelegate.swift */,
				A5952C3723CAF04A003221C4 /* SceneDelegate.swift */,
				A581FE282408117700CCDD00 /* FriendClasses */,
				A5952C3B23CAF04A003221C4 /* Main.storyboard */,
				A5A21B5324212DDF00095600 /* AuthUsersTableViewController.swift */,
				A581FE3324083C9E00CCDD00 /* PhotoTableViewCell.swift */,
				A581FE2B2408185500CCDD00 /* MainTabBarController.swift */,
				A5FF712F2402F79800019BDE /* VKActionsViewController.swift */,
				A581FE3124083C2200CCDD00 /* PhotosTableViewController.swift */,
				A5385BBF2402406200F0C65F /* LoginVKViewController.swift */,
				A50A940823EC649600CF14B6 /* FriendPhotoViewController.swift */,
				A596595523D624E800715FD9 /* AllGroupsTableViewController.swift */,
				A5EDD01223D6205500787BC0 /* GroupsTableViewController.swift */,
				A5EDD01023D6175600787BC0 /* FriendCollectionViewController.swift */,
				A5EDD00E23D612F600787BC0 /* FriendsTableViewController.swift */,
				A5373F5823D6026100BB4154 /* FriendCollectionViewCell.swift */,
				A5952C4923CAF4D9003221C4 /* LoginFormController.swift */,
				A5EDD00723D6078400787BC0 /* Model */,
				A5952C3E23CAF04E003221C4 /* Assets.xcassets */,
				A5952C4023CAF04E003221C4 /* LaunchScreen.storyboard */,
				A5952C4323CAF04E003221C4 /* Info.plist */,
				A5D93B66241FFB0600C547FC /* GoogleService-Info.plist */,
				A5373F5623D5FFD900BB4154 /* FriendTableViewCell.swift */,
				A5655CA223E72A0E00D6CC29 /* FriendTableViewHeader.swift */,
				A55BAEFA23E7535200D01DAF /* NewsTableViewCell.swift */,
				A55BAEFE23E75C2000D01DAF /* NewsTableViewController.swift */,
			);
			path = VKApp;
			sourceTree = "<group>";
		};
		A5EDD00723D6078400787BC0 /* Model */ = {
			isa = PBXGroup;
			children = (
				A5EDD00823D607A700787BC0 /* User.swift */,
				A5EDD00A23D60DE600787BC0 /* Group.swift */,
				A5EDD00C23D60ED400787BC0 /* VkDataBase.swift */,
				A55BAEFC23E7572700D01DAF /* News.swift */,
				A5419B1623FED1FF008F7172 /* Session.swift */,
				A571E020242125D6007F74C8 /* UserFire.swift */,
				A5A21B55242134E300095600 /* GroupFire.swift */,
			);
			path = Model;
			sourceTree = "<group>";
		};
		D7D7060399267F18D9B19C15 /* Pods */ = {
			isa = PBXGroup;
			children = (
				F494772653709005845A8815 /* Pods-VKApp.debug.xcconfig */,
				451C77AD45A760367B611144 /* Pods-VKApp.release.xcconfig */,
			);
			path = Pods;
			sourceTree = "<group>";
		};
/* End PBXGroup section */

/* Begin PBXNativeTarget section */
		A5952C3123CAF04A003221C4 /* VKApp */ = {
			isa = PBXNativeTarget;
			buildConfigurationList = A5952C4623CAF04E003221C4 /* Build configuration list for PBXNativeTarget "VKApp" */;
			buildPhases = (
				AE9CD53C2A035B1EF5BDB233 /* [CP] Check Pods Manifest.lock */,
				A5952C2E23CAF04A003221C4 /* Sources */,
				A5952C2F23CAF04A003221C4 /* Frameworks */,
				A5952C3023CAF04A003221C4 /* Resources */,
				5E8F4FF737A638234C5864D0 /* [CP] Embed Pods Frameworks */,
			);
			buildRules = (
			);
			dependencies = (
			);
			name = VKApp;
			productName = VKApp;
			productReference = A5952C3223CAF04A003221C4 /* VKApp.app */;
			productType = "com.apple.product-type.application";
		};
/* End PBXNativeTarget section */

/* Begin PBXProject section */
		A5952C2A23CAF04A003221C4 /* Project object */ = {
			isa = PBXProject;
			attributes = {
				LastSwiftUpdateCheck = 1130;
				LastUpgradeCheck = 1130;
				ORGANIZATIONNAME = "Сергей Зесли";
				TargetAttributes = {
					A5952C3123CAF04A003221C4 = {
						CreatedOnToolsVersion = 11.3;
					};
				};
			};
			buildConfigurationList = A5952C2D23CAF04A003221C4 /* Build configuration list for PBXProject "VKApp" */;
			compatibilityVersion = "Xcode 9.3";
			developmentRegion = en;
			hasScannedForEncodings = 0;
			knownRegions = (
				en,
				Base,
			);
			mainGroup = A5952C2923CAF04A003221C4;
			productRefGroup = A5952C3323CAF04A003221C4 /* Products */;
			projectDirPath = "";
			projectRoot = "";
			targets = (
				A5952C3123CAF04A003221C4 /* VKApp */,
			);
		};
/* End PBXProject section */

/* Begin PBXResourcesBuildPhase section */
		A5952C3023CAF04A003221C4 /* Resources */ = {
			isa = PBXResourcesBuildPhase;
			buildActionMask = 2147483647;
			files = (
				A5952C4223CAF04E003221C4 /* LaunchScreen.storyboard in Resources */,
				A5BED7E923E86CD70002BFE3 /* CustomPoints3.xib in Resources */,
				A5D93B67241FFB0600C547FC /* GoogleService-Info.plist in Resources */,
				A5952C3F23CAF04E003221C4 /* Assets.xcassets in Resources */,
				A5952C3D23CAF04A003221C4 /* Main.storyboard in Resources */,
			);
			runOnlyForDeploymentPostprocessing = 0;
		};
/* End PBXResourcesBuildPhase section */

/* Begin PBXShellScriptBuildPhase section */
		5E8F4FF737A638234C5864D0 /* [CP] Embed Pods Frameworks */ = {
			isa = PBXShellScriptBuildPhase;
			buildActionMask = 2147483647;
			files = (
			);
			inputFileListPaths = (
				"${PODS_ROOT}/Target Support Files/Pods-VKApp/Pods-VKApp-frameworks-${CONFIGURATION}-input-files.xcfilelist",
			);
			name = "[CP] Embed Pods Frameworks";
			outputFileListPaths = (
				"${PODS_ROOT}/Target Support Files/Pods-VKApp/Pods-VKApp-frameworks-${CONFIGURATION}-output-files.xcfilelist",
			);
			runOnlyForDeploymentPostprocessing = 0;
			shellPath = /bin/sh;
			shellScript = "\"${PODS_ROOT}/Target Support Files/Pods-VKApp/Pods-VKApp-frameworks.sh\"\n";
			showEnvVarsInLog = 0;
		};
		AE9CD53C2A035B1EF5BDB233 /* [CP] Check Pods Manifest.lock */ = {
			isa = PBXShellScriptBuildPhase;
			buildActionMask = 2147483647;
			files = (
			);
			inputFileListPaths = (
			);
			inputPaths = (
				"${PODS_PODFILE_DIR_PATH}/Podfile.lock",
				"${PODS_ROOT}/Manifest.lock",
			);
			name = "[CP] Check Pods Manifest.lock";
			outputFileListPaths = (
			);
			outputPaths = (
				"$(DERIVED_FILE_DIR)/Pods-VKApp-checkManifestLockResult.txt",
			);
			runOnlyForDeploymentPostprocessing = 0;
			shellPath = /bin/sh;
			shellScript = "diff \"${PODS_PODFILE_DIR_PATH}/Podfile.lock\" \"${PODS_ROOT}/Manifest.lock\" > /dev/null\nif [ $? != 0 ] ; then\n    # print error to STDERR\n    echo \"error: The sandbox is not in sync with the Podfile.lock. Run 'pod install' or update your CocoaPods installation.\" >&2\n    exit 1\nfi\n# This output is used by Xcode 'outputs' to avoid re-running this script phase.\necho \"SUCCESS\" > \"${SCRIPT_OUTPUT_FILE_0}\"\n";
			showEnvVarsInLog = 0;
		};
/* End PBXShellScriptBuildPhase section */

/* Begin PBXSourcesBuildPhase section */
		A5952C2E23CAF04A003221C4 /* Sources */ = {
			isa = PBXSourcesBuildPhase;
			buildActionMask = 2147483647;
			files = (
				A56D798723F1C22800006118 /* PopAnimator.swift in Sources */,
				A549D1DB23DA398E0023C3FE /* CustomView.swift in Sources */,
				A58F538C240B8E30003A3A34 /* RealGroup.swift in Sources */,
				A581FE2E2408298800CCDD00 /* RootGroups.swift in Sources */,
				A581FE2C2408185500CCDD00 /* MainTabBarController.swift in Sources */,
				A5EDD00D23D60ED400787BC0 /* VkDataBase.swift in Sources */,
				A529CCC22423B6AB00B41421 /* RootNews.swift in Sources */,
				A5952C4A23CAF4D9003221C4 /* LoginFormController.swift in Sources */,
				A5A21B56242134E300095600 /* GroupFire.swift in Sources */,
				A5952C3623CAF04A003221C4 /* AppDelegate.swift in Sources */,
				A5373F5923D6026100BB4154 /* FriendCollectionViewCell.swift in Sources */,
				A5A21B5424212DDF00095600 /* AuthUsersTableViewController.swift in Sources */,
				A549D1D923DA39520023C3FE /* CustomControl.swift in Sources */,
				A5EDD00F23D612F600787BC0 /* FriendsTableViewController.swift in Sources */,
				A581FE3424083C9E00CCDD00 /* PhotoTableViewCell.swift in Sources */,
				A58F538E240B9086003A3A34 /* RealmPhoto.swift in Sources */,
				A5EDD01323D6205500787BC0 /* GroupsTableViewController.swift in Sources */,
				A5771664241695CA00AF8A57 /* RealmUserWithPhoto.swift in Sources */,
				A596595623D624E800715FD9 /* AllGroupsTableViewController.swift in Sources */,
				A581FE3024082D4400CCDD00 /* RootPhotos.swift in Sources */,
				A58F538A240B8B90003A3A34 /* RealmUser.swift in Sources */,
				A581FE36240840FF00CCDD00 /* Photo.swift in Sources */,
				A5EDD00B23D60DE600787BC0 /* Group.swift in Sources */,
				A55BAEFF23E75C2000D01DAF /* NewsTableViewController.swift in Sources */,
				A56D798923F1C40500006118 /* CustomNavigationController.swift in Sources */,
				A571E021242125D6007F74C8 /* UserFire.swift in Sources */,
				A56D798B23F1CD0500006118 /* CustomInteractiveTransition.swift in Sources */,
				A5655CA323E72A0E00D6CC29 /* FriendTableViewHeader.swift in Sources */,
				A56D798523F1BE5300006118 /* PushAnimator.swift in Sources */,
				A5EDD01123D6175600787BC0 /* FriendCollectionViewController.swift in Sources */,
				A5BED7EB23E86F690002BFE3 /* CustomPoints3.swift in Sources */,
				A581FE2A240811F300CCDD00 /* RootFriends.swift in Sources */,
				A55BAEFD23E7572700D01DAF /* News.swift in Sources */,
				A5EDD00623D6059700787BC0 /* GroupTableViewCell.swift in Sources */,
				A5419B1723FED1FF008F7172 /* Session.swift in Sources */,
				A5FF71302402F79800019BDE /* VKActionsViewController.swift in Sources */,
				A581FE3224083C2200CCDD00 /* PhotosTableViewController.swift in Sources */,
				A5385BC02402406200F0C65F /* LoginVKViewController.swift in Sources */,
				A5952C3823CAF04A003221C4 /* SceneDelegate.swift in Sources */,
				A55BAEFB23E7535200D01DAF /* NewsTableViewCell.swift in Sources */,
				A5373F5723D5FFD900BB4154 /* FriendTableViewCell.swift in Sources */,
				A5EDD00923D607A700787BC0 /* User.swift in Sources */,
				A50A940923EC649600CF14B6 /* FriendPhotoViewController.swift in Sources */,
			);
			runOnlyForDeploymentPostprocessing = 0;
		};
/* End PBXSourcesBuildPhase section */

/* Begin PBXVariantGroup section */
		A5952C3B23CAF04A003221C4 /* Main.storyboard */ = {
			isa = PBXVariantGroup;
			children = (
				A5952C3C23CAF04A003221C4 /* Base */,
			);
			name = Main.storyboard;
			sourceTree = "<group>";
		};
		A5952C4023CAF04E003221C4 /* LaunchScreen.storyboard */ = {
			isa = PBXVariantGroup;
			children = (
				A5952C4123CAF04E003221C4 /* Base */,
			);
			name = LaunchScreen.storyboard;
			sourceTree = "<group>";
		};
/* End PBXVariantGroup section */

/* Begin XCBuildConfiguration section */
		A5952C4423CAF04E003221C4 /* Debug */ = {
			isa = XCBuildConfiguration;
			buildSettings = {
				ALWAYS_SEARCH_USER_PATHS = NO;
				CLANG_ANALYZER_NONNULL = YES;
				CLANG_ANALYZER_NUMBER_OBJECT_CONVERSION = YES_AGGRESSIVE;
				CLANG_CXX_LANGUAGE_STANDARD = "gnu++14";
				CLANG_CXX_LIBRARY = "libc++";
				CLANG_ENABLE_MODULES = YES;
				CLANG_ENABLE_OBJC_ARC = YES;
				CLANG_ENABLE_OBJC_WEAK = YES;
				CLANG_WARN_BLOCK_CAPTURE_AUTORELEASING = YES;
				CLANG_WARN_BOOL_CONVERSION = YES;
				CLANG_WARN_COMMA = YES;
				CLANG_WARN_CONSTANT_CONVERSION = YES;
				CLANG_WARN_DEPRECATED_OBJC_IMPLEMENTATIONS = YES;
				CLANG_WARN_DIRECT_OBJC_ISA_USAGE = YES_ERROR;
				CLANG_WARN_DOCUMENTATION_COMMENTS = YES;
				CLANG_WARN_EMPTY_BODY = YES;
				CLANG_WARN_ENUM_CONVERSION = YES;
				CLANG_WARN_INFINITE_RECURSION = YES;
				CLANG_WARN_INT_CONVERSION = YES;
				CLANG_WARN_NON_LITERAL_NULL_CONVERSION = YES;
				CLANG_WARN_OBJC_IMPLICIT_RETAIN_SELF = YES;
				CLANG_WARN_OBJC_LITERAL_CONVERSION = YES;
				CLANG_WARN_OBJC_ROOT_CLASS = YES_ERROR;
				CLANG_WARN_RANGE_LOOP_ANALYSIS = YES;
				CLANG_WARN_STRICT_PROTOTYPES = YES;
				CLANG_WARN_SUSPICIOUS_MOVE = YES;
				CLANG_WARN_UNGUARDED_AVAILABILITY = YES_AGGRESSIVE;
				CLANG_WARN_UNREACHABLE_CODE = YES;
				CLANG_WARN__DUPLICATE_METHOD_MATCH = YES;
				COPY_PHASE_STRIP = NO;
				DEBUG_INFORMATION_FORMAT = dwarf;
				ENABLE_STRICT_OBJC_MSGSEND = YES;
				ENABLE_TESTABILITY = YES;
				GCC_C_LANGUAGE_STANDARD = gnu11;
				GCC_DYNAMIC_NO_PIC = NO;
				GCC_NO_COMMON_BLOCKS = YES;
				GCC_OPTIMIZATION_LEVEL = 0;
				GCC_PREPROCESSOR_DEFINITIONS = (
					"DEBUG=1",
					"$(inherited)",
				);
				GCC_WARN_64_TO_32_BIT_CONVERSION = YES;
				GCC_WARN_ABOUT_RETURN_TYPE = YES_ERROR;
				GCC_WARN_UNDECLARED_SELECTOR = YES;
				GCC_WARN_UNINITIALIZED_AUTOS = YES_AGGRESSIVE;
				GCC_WARN_UNUSED_FUNCTION = YES;
				GCC_WARN_UNUSED_VARIABLE = YES;
				IPHONEOS_DEPLOYMENT_TARGET = 13.2;
				MTL_ENABLE_DEBUG_INFO = INCLUDE_SOURCE;
				MTL_FAST_MATH = YES;
				ONLY_ACTIVE_ARCH = YES;
				SDKROOT = iphoneos;
				SWIFT_ACTIVE_COMPILATION_CONDITIONS = DEBUG;
				SWIFT_OPTIMIZATION_LEVEL = "-Onone";
			};
			name = Debug;
		};
		A5952C4523CAF04E003221C4 /* Release */ = {
			isa = XCBuildConfiguration;
			buildSettings = {
				ALWAYS_SEARCH_USER_PATHS = NO;
				CLANG_ANALYZER_NONNULL = YES;
				CLANG_ANALYZER_NUMBER_OBJECT_CONVERSION = YES_AGGRESSIVE;
				CLANG_CXX_LANGUAGE_STANDARD = "gnu++14";
				CLANG_CXX_LIBRARY = "libc++";
				CLANG_ENABLE_MODULES = YES;
				CLANG_ENABLE_OBJC_ARC = YES;
				CLANG_ENABLE_OBJC_WEAK = YES;
				CLANG_WARN_BLOCK_CAPTURE_AUTORELEASING = YES;
				CLANG_WARN_BOOL_CONVERSION = YES;
				CLANG_WARN_COMMA = YES;
				CLANG_WARN_CONSTANT_CONVERSION = YES;
				CLANG_WARN_DEPRECATED_OBJC_IMPLEMENTATIONS = YES;
				CLANG_WARN_DIRECT_OBJC_ISA_USAGE = YES_ERROR;
				CLANG_WARN_DOCUMENTATION_COMMENTS = YES;
				CLANG_WARN_EMPTY_BODY = YES;
				CLANG_WARN_ENUM_CONVERSION = YES;
				CLANG_WARN_INFINITE_RECURSION = YES;
				CLANG_WARN_INT_CONVERSION = YES;
				CLANG_WARN_NON_LITERAL_NULL_CONVERSION = YES;
				CLANG_WARN_OBJC_IMPLICIT_RETAIN_SELF = YES;
				CLANG_WARN_OBJC_LITERAL_CONVERSION = YES;
				CLANG_WARN_OBJC_ROOT_CLASS = YES_ERROR;
				CLANG_WARN_RANGE_LOOP_ANALYSIS = YES;
				CLANG_WARN_STRICT_PROTOTYPES = YES;
				CLANG_WARN_SUSPICIOUS_MOVE = YES;
				CLANG_WARN_UNGUARDED_AVAILABILITY = YES_AGGRESSIVE;
				CLANG_WARN_UNREACHABLE_CODE = YES;
				CLANG_WARN__DUPLICATE_METHOD_MATCH = YES;
				COPY_PHASE_STRIP = NO;
				DEBUG_INFORMATION_FORMAT = "dwarf-with-dsym";
				ENABLE_NS_ASSERTIONS = NO;
				ENABLE_STRICT_OBJC_MSGSEND = YES;
				GCC_C_LANGUAGE_STANDARD = gnu11;
				GCC_NO_COMMON_BLOCKS = YES;
				GCC_WARN_64_TO_32_BIT_CONVERSION = YES;
				GCC_WARN_ABOUT_RETURN_TYPE = YES_ERROR;
				GCC_WARN_UNDECLARED_SELECTOR = YES;
				GCC_WARN_UNINITIALIZED_AUTOS = YES_AGGRESSIVE;
				GCC_WARN_UNUSED_FUNCTION = YES;
				GCC_WARN_UNUSED_VARIABLE = YES;
				IPHONEOS_DEPLOYMENT_TARGET = 13.2;
				MTL_ENABLE_DEBUG_INFO = NO;
				MTL_FAST_MATH = YES;
				SDKROOT = iphoneos;
				SWIFT_COMPILATION_MODE = wholemodule;
				SWIFT_OPTIMIZATION_LEVEL = "-O";
				VALIDATE_PRODUCT = YES;
			};
			name = Release;
		};
		A5952C4723CAF04E003221C4 /* Debug */ = {
			isa = XCBuildConfiguration;
			baseConfigurationReference = F494772653709005845A8815 /* Pods-VKApp.debug.xcconfig */;
			buildSettings = {
				ASSETCATALOG_COMPILER_APPICON_NAME = AppIcon;
				CODE_SIGN_STYLE = Automatic;
				DEVELOPMENT_TEAM = 6256636Q6S;
				INFOPLIST_FILE = VKApp/Info.plist;
				LD_RUNPATH_SEARCH_PATHS = (
					"$(inherited)",
					"@executable_path/Frameworks",
				);
				PRODUCT_BUNDLE_IDENTIFIER = Sergue.VKApp;
				PRODUCT_NAME = "$(TARGET_NAME)";
				SWIFT_VERSION = 5.0;
				TARGETED_DEVICE_FAMILY = "1,2";
			};
			name = Debug;
		};
		A5952C4823CAF04E003221C4 /* Release */ = {
			isa = XCBuildConfiguration;
			baseConfigurationReference = 451C77AD45A760367B611144 /* Pods-VKApp.release.xcconfig */;
			buildSettings = {
				ASSETCATALOG_COMPILER_APPICON_NAME = AppIcon;
				CODE_SIGN_STYLE = Automatic;
				DEVELOPMENT_TEAM = 6256636Q6S;
				INFOPLIST_FILE = VKApp/Info.plist;
				LD_RUNPATH_SEARCH_PATHS = (
					"$(inherited)",
					"@executable_path/Frameworks",
				);
				PRODUCT_BUNDLE_IDENTIFIER = Sergue.VKApp;
				PRODUCT_NAME = "$(TARGET_NAME)";
				SWIFT_VERSION = 5.0;
				TARGETED_DEVICE_FAMILY = "1,2";
			};
			name = Release;
		};
/* End XCBuildConfiguration section */

/* Begin XCConfigurationList section */
		A5952C2D23CAF04A003221C4 /* Build configuration list for PBXProject "VKApp" */ = {
			isa = XCConfigurationList;
			buildConfigurations = (
				A5952C4423CAF04E003221C4 /* Debug */,
				A5952C4523CAF04E003221C4 /* Release */,
			);
			defaultConfigurationIsVisible = 0;
			defaultConfigurationName = Release;
		};
		A5952C4623CAF04E003221C4 /* Build configuration list for PBXNativeTarget "VKApp" */ = {
			isa = XCConfigurationList;
			buildConfigurations = (
				A5952C4723CAF04E003221C4 /* Debug */,
				A5952C4823CAF04E003221C4 /* Release */,
			);
			defaultConfigurationIsVisible = 0;
			defaultConfigurationName = Release;
		};
/* End XCConfigurationList section */
	};
	rootObject = A5952C2A23CAF04A003221C4 /* Project object */;
}
